# This file was autogenerated by uv via the following command:
#    uv pip compile services/api/pyproject.toml packages/school_scoring/pyproject.toml --extra dev -o services/api/requirements.lock --python-version 3.11
affine==3.0.0
    # via rasterio
annotated-doc==0.0.5
    # via fastapi
annotated-types==0.8.0
    # via pydantic
anyio==4.14.2
    # via
    #   httpx
    #   starlette
attrs==26.1.0
    # via
    #   affine
    #   rasterio
certifi==2026.7.22
    # via
    #   httpcore
    #   httpx
    #   pyproj
    #   rasterio
    #   requests
cffi==2.1.1
    # via cryptography
charset-normalizer==3.4.9
    # via requests
click==8.4.2
    # via
    #   click-plugins
    #   cligj
    #   rasterio
    #   uvicorn
click-plugins==1.1.1.2
    # via rasterio
cligj==0.7.2
    # via rasterio
cryptography==50.0.0
    # via google-auth
et-xmlfile==2.0.0
    # via openpyxl
fastapi==0.141.1
    # via rise-png-api (services/api/pyproject.toml)
google-api-core==2.34.0
    # via
    #   google-cloud-core
    #   google-cloud-storage
google-auth==2.56.3
    # via
    #   google-api-core
    #   google-cloud-core
    #   google-cloud-storage
google-cloud-core==2.6.1
    # via google-cloud-storage
google-cloud-storage==3.13.1
    # via rise-png-api (services/api/pyproject.toml)
google-crc32c==1.8.0
    # via
    #   google-cloud-storage
    #   google-resumable-media
google-resumable-media==2.10.1
    # via google-cloud-storage
googleapis-common-protos==1.75.1
    # via google-api-core
h11==0.16.0
    # via
    #   httpcore
    #   uvicorn
httpcore==1.0.9
    # via httpx
httpx==0.28.1
    # via rise-png-api (services/api/pyproject.toml)
idna==3.18
    # via
    #   anyio
    #   httpx
    #   requests
iniconfig==2.3.0
    # via pytest
numpy==2.4.6
    # via
    #   school-scoring (packages/school_scoring/pyproject.toml)
    #   rise-png-api (services/api/pyproject.toml)
    #   pandas
    #   rasterio
    #   shapely
openpyxl==3.1.5
    # via rise-png-api (services/api/pyproject.toml)
packaging==26.3
    # via pytest
pandas==3.0.5
    # via
    #   school-scoring (packages/school_scoring/pyproject.toml)
    #   rise-png-api (services/api/pyproject.toml)
pluggy==1.6.0
    # via pytest
proto-plus==1.28.3
    # via google-api-core
protobuf==7.35.1
    # via
    #   google-api-core
    #   googleapis-common-protos
    #   proto-plus
psycopg==3.3.4
    # via rise-png-api (services/api/pyproject.toml)
psycopg-binary==3.3.4
    # via psycopg
psycopg-pool==3.3.1
    # via rise-png-api (services/api/pyproject.toml)
pyasn1==0.6.4
    # via pyasn1-modules
pyasn1-modules==0.4.2
    # via google-auth
pycparser==3.0
    # via cffi
pydantic==2.13.4
    # via fastapi
pydantic-core==2.46.4
    # via pydantic
pygments==2.20.0
    # via pytest
pyparsing==3.3.2
    # via rasterio
pyproj==3.7.2
    # via school-scoring (packages/school_scoring/pyproject.toml)
pytest==9.1.1
    # via
    #   school-scoring (packages/school_scoring/pyproject.toml)
    #   rise-png-api (services/api/pyproject.toml)
python-dateutil==2.9.0.post0
    # via pandas
python-multipart==0.0.32
    # via rise-png-api (services/api/pyproject.toml)
rasterio==1.4.4
    # via rise-png-api (services/api/pyproject.toml)
requests==2.34.2
    # via
    #   google-api-core
    #   google-cloud-storage
shapely==2.1.2
    # via
    #   school-scoring (packages/school_scoring/pyproject.toml)
    #   rise-png-api (services/api/pyproject.toml)
six==1.17.0
    # via python-dateutil
starlette==1.6.0
    # via fastapi
typing-extensions==4.16.0
    # via
    #   anyio
    #   fastapi
    #   psycopg
    #   psycopg-pool
    #   pydantic
    #   pydantic-core
    #   starlette
    #   typing-inspection
typing-inspection==0.4.2
    # via
    #   fastapi
    #   pydantic
urllib3==2.7.0
    # via requests
uvicorn==0.52.1
    # via rise-png-api (services/api/pyproject.toml)
